
Microsoft Visual Studio Solution File, Format Version 12.00
# Visual Studio Version 16
VisualStudioVersion = 16.0.31112.23
MinimumVisualStudioVersion = 10.0.40219.1
Project("{FAE04EC0-301F-11D3-BF4B-00C04F79EFBC}") = "API_VK_example", "API_VK_example\API_VK_example.csproj", "{C3A96846-10E6-4DDC-8ABA-C0B882940C3C}"
EndProject
Global
	GlobalSection(SolutionConfigurationPlatforms) = preSolution
		Debug|Any CPU = Debug|Any CPU
		Release|Any CPU = Release|Any CPU
	EndGlobalSection
	GlobalSection(ProjectConfigurationPlatforms) = postSolution
		{C3A96846-10E6-4DDC-8ABA-C0B882940C3C}.Debug|Any CPU.ActiveCfg = Debug|Any CPU
		{C3A96846-10E6-4DDC-8ABA-C0B882940C3C}.Debug|Any CPU.Build.0 = Debug|Any CPU
		{C3A96846-10E6-4DDC-8ABA-C0B882940C3C}.Release|Any CPU.ActiveCfg = Release|Any CPU
		{C3A96846-10E6-4DDC-8ABA-C0B882940C3C}.Release|Any CPU.Build.0 = Release|Any CPU
	EndGlobalSection
	GlobalSection(SolutionProperties) = preSolution
		HideSolutionNode = FALSE
	EndGlobalSection
	GlobalSection(ExtensibilityGlobals) = postSolution
		SolutionGuid = {024A628E-1D82-48EF-80AA-E7A24F65E2F5}
	EndGlobalSection
EndGlobal
